<?xml version="1.0" encoding="utf-8"?>
<Project ToolsVersion="4.0" xmlns="http://schemas.microsoft.com/developer/msbuild/2003">
  <ItemGroup>
    <Filter Include="Source Files">
      <UniqueIdentifier>{4FC737F1-C7A5-4376-A066-2A32D752A2FF}</UniqueIdentifier>
      <Extensions>cpp;c;cc;cxx;def;odl;idl;hpj;bat;asm;asmx</Extensions>
    </Filter>
    <Filter Include="Header Files">
      <UniqueIdentifier>{93995380-89BD-4b04-88EB-625FBE52EBFB}</UniqueIdentifier>
      <Extensions>h;hh;hpp;hxx;hm;inl;inc;xsd</Extensions>
    </Filter>
    <Filter Include="Resource Files">
      <UniqueIdentifier>{D9D6E242-F8AF-46E4-B9FD-80ECBC20BA3E}</UniqueIdentifier>
      <Extensions>qrc;*</Extensions>
      <ParseFiles>false</ParseFiles>
    </Filter>
    <Filter Include="Form Files">
      <UniqueIdentifier>{99349809-55BA-4b9d-BF79-8FDBB0286EB3}</UniqueIdentifier>
      <Extensions>ui</Extensions>
    </Filter>
    <Filter Include="Resource Files">
      <UniqueIdentifier>{D9D6E242-F8AF-46E4-B9FD-80ECBC20BA3E}</UniqueIdentifier>
      <Extensions>qrc;*</Extensions>
      <ParseFiles>false</ParseFiles>
    </Filter>
    <Filter Include="Subsystems">
      <UniqueIdentifier>{8cbe95e4-0830-4833-85a7-2705d3bb0b00}</UniqueIdentifier>
    </Filter>
  </ItemGroup>
  <ItemGroup>
    <ClCompile Include="main.cpp">
      <Filter>Source Files</Filter>
    </ClCompile>
    <ClCompile Include="XeroBoardWidget.cpp">
      <Filter>Source Files</Filter>
    </ClCompile>
    <ClCompile Include="NetworkTableMonitor.cpp">
      <Filter>Source Files</Filter>
    </ClCompile>
    <ClCompile Include="XeroListWidget.cpp">
      <Filter>Source Files</Filter>
    </ClCompile>
    <ClCompile Include="XeroSingleItemWidget.cpp">
      <Filter>Source Files</Filter>
    </ClCompile>
    <ClCompile Include="XeroNTTreeWidget.cpp">
      <Filter>Source Files</Filter>
    </ClCompile>
    <ClCompile Include="XeroDisplayWidget.cpp">
      <Filter>Source Files</Filter>
    </ClCompile>
    <ClCompile Include="SingleDataSource.cpp">
      <Filter>Source Files</Filter>
    </ClCompile>
    <ClCompile Include="TextDisplay.cpp">
      <Filter>Source Files</Filter>
    </ClCompile>
    <ClCompile Include="IDataDisplay.cpp">
      <Filter>Source Files</Filter>
    </ClCompile>
    <ClCompile Include="XeroMultiItemWidget.cpp">
      <Filter>Source Files</Filter>
    </ClCompile>
    <ClCompile Include="TextListDisplay.cpp">
      <Filter>Source Files</Filter>
    </ClCompile>
    <ClCompile Include="ColorDisplay.cpp">
      <Filter>Source Files</Filter>
    </ClCompile>
    <ClCompile Include="TabEditName.cpp">
      <Filter>Source Files</Filter>
    </ClCompile>
    <ClCompile Include="ArrayDisplay.cpp">
      <Filter>Source Files</Filter>
    </ClCompile>
    <ClCompile Include="XeroPlotTreeWidget.cpp">
      <Filter>Source Files</Filter>
    </ClCompile>
    <ClCompile Include="CustomImageMgr.cpp">
      <Filter>Source Files</Filter>
    </ClCompile>
    <ClCompile Include="CustomImage.cpp">
      <Filter>Source Files</Filter>
    </ClCompile>
    <ClCompile Include="XeroBoardMainWindow.cpp">
      <Filter>Source Files</Filter>
    </ClCompile>
    <ClCompile Include="ColorListDisplay.cpp">
      <Filter>Source Files</Filter>
    </ClCompile>
  </ItemGroup>
  <ItemGroup>
    <QtMoc Include="XeroBoardWidget.h">
      <Filter>Header Files</Filter>
    </QtMoc>
    <QtMoc Include="XeroListWidget.h">
      <Filter>Header Files</Filter>
    </QtMoc>
    <QtMoc Include="SingleDataSource.h">
      <Filter>Header Files</Filter>
    </QtMoc>
    <QtMoc Include="TabEditName.h">
      <Filter>Header Files</Filter>
    </QtMoc>
    <QtMoc Include="XeroBoardMainWindow.h">
      <Filter>Header Files</Filter>
    </QtMoc>
  </ItemGroup>
  <ItemGroup>
    <QtRcc Include="xeroboard.qrc">
      <Filter>Resource Files</Filter>
    </QtRcc>
  </ItemGroup>
  <ItemGroup>
    <ClInclude Include="build.h">
      <Filter>Header Files</Filter>
    </ClInclude>
    <ClInclude Include="NetworkTableMonitor.h">
      <Filter>Header Files</Filter>
    </ClInclude>
    <ClInclude Include="NTEntryTracker.h">
      <Filter>Header Files</Filter>
    </ClInclude>
    <ClInclude Include="XeroSingleItemWidget.h">
      <Filter>Header Files</Filter>
    </ClInclude>
    <ClInclude Include="XeroNTTreeWidget.h">
      <Filter>Header Files</Filter>
    </ClInclude>
    <ClInclude Include="XeroDisplayWidget.h">
      <Filter>Header Files</Filter>
    </ClInclude>
    <ClInclude Include="IDataDisplay.h">
      <Filter>Header Files</Filter>
    </ClInclude>
    <ClInclude Include="TextDisplay.h">
      <Filter>Header Files</Filter>
    </ClInclude>
    <ClInclude Include="XeroMultiItemWidget.h">
      <Filter>Header Files</Filter>
    </ClInclude>
    <ClInclude Include="TextListDisplay.h">
      <Filter>Header Files</Filter>
    </ClInclude>
    <ClInclude Include="ColorDisplay.h">
      <Filter>Header Files</Filter>
    </ClInclude>
    <ClInclude Include="ArrayDisplay.h">
      <Filter>Header Files</Filter>
    </ClInclude>
    <ClInclude Include="XeroPlotTreeWidget.h">
      <Filter>Header Files</Filter>
    </ClInclude>
    <ClInclude Include="CustomImageMgr.h">
      <Filter>Header Files</Filter>
    </ClInclude>
    <ClInclude Include="CustomImage.h">
      <Filter>Header Files</Filter>
    </ClInclude>
    <ClInclude Include="ColorListDisplay.h">
      <Filter>Header Files</Filter>
    </ClInclude>
  </ItemGroup>
  <ItemGroup>
    <QtUic Include="XeroListWidget.ui">
      <Filter>Form Files</Filter>
    </QtUic>
  </ItemGroup>
  <ItemGroup>
    <Image Include="images\tankdrive.png">
      <Filter>Subsystems</Filter>
    </Image>
  </ItemGroup>
  <ItemGroup>
    <Text Include="images\tankdrive.json">
      <Filter>Subsystems</Filter>
    </Text>
  </ItemGroup>
</Project>